
Microsoft Visual Studio Solution File, Format Version 12.00
# Visual Studio Version 17
VisualStudioVersion = 17.0.32014.148
MinimumVisualStudioVersion = 10.0.40219.1
Project("{FAE04EC0-301F-11D3-BF4B-00C04F79EFBC}") = "MathGame", "MathGame\MathGame.csproj", "{DBF7C885-6666-4085-A7AD-468D6A424BFB}"
EndProject
Global
	GlobalSection(SolutionConfigurationPlatforms) = preSolution
		Debug|Any CPU = Debug|Any CPU
		Release|Any CPU = Release|Any CPU
	EndGlobalSection
	GlobalSection(ProjectConfigurationPlatforms) = postSolution
		{DBF7C885-6666-4085-A7AD-468D6A424BFB}.Debug|Any CPU.ActiveCfg = Debug|Any CPU
		{DBF7C885-6666-4085-A7AD-468D6A424BFB}.Debug|Any CPU.Build.0 = Debug|Any CPU
		{DBF7C885-6666-4085-A7AD-468D6A424BFB}.Release|Any CPU.ActiveCfg = Release|Any CPU
		{DBF7C885-6666-4085-A7AD-468D6A424BFB}.Release|Any CPU.Build.0 = Release|Any CPU
	EndGlobalSection
	GlobalSection(SolutionProperties) = preSolution
		HideSolutionNode = FALSE
	EndGlobalSection
	GlobalSection(ExtensibilityGlobals) = postSolution
		SolutionGuid = {E0556492-06A2-44CF-B3BC-ACB3EAF2DDF3}
	EndGlobalSection
EndGlobal
